github.com/ajstarks/svgo v0.0.0-20200320125537-f189e35d30ca/go.mod h1:K08gAheRH3/J6wwsYMMT4xOr94bZjxIelGM0+d/wbFw=
github.com/amanjpro/chess v1.6.1-0.20210906232359-64ec5b737239 h1:4d83r+wp2qZe93pqldcSBYtvBZeSPdLtWIVo4aBHatM=
github.com/amanjpro/chess v1.6.1-0.20210906232359-64ec5b737239/go.mod h1:G1Ia534oQILOkKp/ieVRfS+Y5RirjVLzkzt7F6H1SEE=
github.com/amanjpro/zahak v0.0.0-20211004131608-c46679c06dbe h1:PmpzZ7qb0RlNbhETwXfkKzWU1hiARmBpzHJFMyoZvts=
github.com/amanjpro/zahak v0.0.0-20211004131608-c46679c06dbe/go.mod h1:2ojTe6q01PUliqdKFqYm87Dd51OSOSTOH7b/PmtG6OQ=
